PODS:
  - Charts (3.2.1):
    - Charts/Core (= 3.2.1)
  - Charts/Core (3.2.1)
  - SwiftyReceiptValidator (3.2.0)

DEPENDENCIES:
  - Charts
  - SwiftyReceiptValidator

SPEC REPOS:
  https://github.com/CocoaPods/Specs.git:
    - Charts
    - SwiftyReceiptValidator

SPEC CHECKSUMS:
  Charts: f122fb70b19847fa5817d018b77d6c5a2296ab25
  SwiftyReceiptValidator: 7eb541caed98cc0bfbf90d892cbce8e2dc52ea13

PODFILE CHECKSUM: a0d387c24dda00d83bc380be2d68a47550aacb97

COCOAPODS: 1.5.0
